<?xml version="1.0" encoding="utf-8"?>
<Project ToolsVersion="4.0" xmlns="http://schemas.microsoft.com/developer/msbuild/2003">
  <ItemGroup>
    <Filter Include="Source Files">
      <UniqueIdentifier>{4FC737F1-C7A5-4376-A066-2A32D752A2FF}</UniqueIdentifier>
      <Extensions>cpp;c;cc;cxx;c++;cppm;ixx;def;odl;idl;hpj;bat;asm;asmx</Extensions>
    </Filter>
    <Filter Include="Header Files">
      <UniqueIdentifier>{93995380-89BD-4b04-88EB-625FBE52EBFB}</UniqueIdentifier>
      <Extensions>h;hh;hpp;hxx;h++;hm;inl;inc;ipp;xsd</Extensions>
    </Filter>
    <Filter Include="Source Files\external">
      <UniqueIdentifier>{6dffecea-1faf-446f-9c69-ea6d7cb752f9}</UniqueIdentifier>
    </Filter>
    <Filter Include="Header Files\external">
      <UniqueIdentifier>{24a3da1e-9092-4b5e-9867-5cc51b8853e8}</UniqueIdentifier>
    </Filter>
    <Filter Include="Source Files\external\ImGui">
      <UniqueIdentifier>{2c7dfc06-8221-47ac-bdb0-10b1e835a737}</UniqueIdentifier>
    </Filter>
    <Filter Include="Header Files\external\ImGui">
      <UniqueIdentifier>{5a01b968-c3c2-4e0a-92a8-bda51e636c1c}</UniqueIdentifier>
    </Filter>
    <Filter Include="Header Files\external\ImGui\ImGui_SFML3">
      <UniqueIdentifier>{c187b269-2568-4576-9f9e-0f055b3aeea9}</UniqueIdentifier>
    </Filter>
    <Filter Include="Source Files\external\ImGui\ImGui_SFML3">
      <UniqueIdentifier>{77c1ce35-7623-40a7-93f2-40f63893b5d8}</UniqueIdentifier>
    </Filter>
    <Filter Include="Assets">
      <UniqueIdentifier>{5bac240c-8853-4ba2-b713-ae6cb132a41d}</UniqueIdentifier>
    </Filter>
    <Filter Include="Assets\Fonts">
      <UniqueIdentifier>{80c7878e-2fa8-4a93-b1c0-33e8211e467b}</UniqueIdentifier>
    </Filter>
    <Filter Include="Assets\Textures">
      <UniqueIdentifier>{b2820f2d-043e-45c6-bc6c-36a215e5c9bf}</UniqueIdentifier>
    </Filter>
    <Filter Include="Assets\Textures\Backgrounds">
      <UniqueIdentifier>{a05bee55-ee09-46f0-9fcc-a7861693aa87}</UniqueIdentifier>
    </Filter>
    <Filter Include="Assets\Textures\GameObjects">
      <UniqueIdentifier>{1f025a3c-1f3c-494f-8fa8-0d459ff31af5}</UniqueIdentifier>
    </Filter>
    <Filter Include="Assets\Textures\Tilesets">
      <UniqueIdentifier>{df0175bc-f37d-468d-97ee-81f7ec621170}</UniqueIdentifier>
    </Filter>
    <Filter Include="Header Files\core">
      <UniqueIdentifier>{5bf5b883-bffd-42e6-99b9-dc5159e62752}</UniqueIdentifier>
    </Filter>
    <Filter Include="Header Files\core\Resources">
      <UniqueIdentifier>{d0c70703-1666-412a-9e71-5e83a6d1dcda}</UniqueIdentifier>
    </Filter>
    <Filter Include="Source Files\core">
      <UniqueIdentifier>{d55ca98b-060f-462a-8745-06b907f24516}</UniqueIdentifier>
    </Filter>
    <Filter Include="Source Files\core\Resources">
      <UniqueIdentifier>{ca022307-9ecc-49db-b483-8aee9402604d}</UniqueIdentifier>
    </Filter>
    <Filter Include="Header Files\core\Resources\tpl">
      <UniqueIdentifier>{4a0327cc-f5ef-497b-a4e8-61a235ef2e2e}</UniqueIdentifier>
    </Filter>
    <Filter Include="Header Files\core\Tilemap">
      <UniqueIdentifier>{48fb779f-d6a3-42d0-8e3d-c3c780512b26}</UniqueIdentifier>
    </Filter>
    <Filter Include="Header Files\GameObjects">
      <UniqueIdentifier>{dbd70334-75cb-4824-9640-4eaaad45f875}</UniqueIdentifier>
    </Filter>
    <Filter Include="Header Files\GameObjects\Player">
      <UniqueIdentifier>{dac16b8e-8ecb-486d-a9ed-c7fa95a92081}</UniqueIdentifier>
    </Filter>
    <Filter Include="Source Files\GameObjects">
      <UniqueIdentifier>{c6d24c9f-fb9b-42e7-97eb-97b1f42b2735}</UniqueIdentifier>
    </Filter>
    <Filter Include="Source Files\GameObjects\Player">
      <UniqueIdentifier>{6b6a96a1-0712-4449-95aa-07380a52fb5b}</UniqueIdentifier>
    </Filter>
    <Filter Include="Source Files\Tilemap">
      <UniqueIdentifier>{916c3169-605a-4a03-8880-200dc452093f}</UniqueIdentifier>
    </Filter>
    <Filter Include="Header Files\Tilemap">
      <UniqueIdentifier>{602c6008-484e-473d-b991-868e3295a94e}</UniqueIdentifier>
    </Filter>
    <Filter Include="Source Files\core\Physics">
      <UniqueIdentifier>{fdde78df-9c3e-45e4-8640-9f34f29b54bb}</UniqueIdentifier>
    </Filter>
    <Filter Include="Header Files\core\Physics">
      <UniqueIdentifier>{7ef5fcb7-9bc5-4607-8aec-cf8f75840bad}</UniqueIdentifier>
    </Filter>
    <Filter Include="Assets\Textures\Player">
      <UniqueIdentifier>{f583ff78-c09d-46f0-bbc9-abffb0fdf1d1}</UniqueIdentifier>
    </Filter>
  </ItemGroup>
  <ItemGroup>
    <ClCompile Include="Source.cpp">
      <Filter>Source Files</Filter>
    </ClCompile>
    <ClCompile Include="external\ImGui\ImGui_SFML3\imgui-SFML.cpp">
      <Filter>Source Files\external\ImGui\ImGui_SFML3</Filter>
    </ClCompile>
    <ClCompile Include="external\ImGui\imgui.cpp">
      <Filter>Source Files\external\ImGui</Filter>
    </ClCompile>
    <ClCompile Include="external\ImGui\imgui_draw.cpp">
      <Filter>Source Files\external\ImGui</Filter>
    </ClCompile>
    <ClCompile Include="external\ImGui\imgui_tables.cpp">
      <Filter>Source Files\external\ImGui</Filter>
    </ClCompile>
    <ClCompile Include="external\ImGui\imgui_widgets.cpp">
      <Filter>Source Files\external\ImGui</Filter>
    </ClCompile>
    <ClCompile Include="src\core\Resources\Cfg.cpp">
      <Filter>Source Files\core\Resources</Filter>
    </ClCompile>
    <ClCompile Include="src\Tilemap\Tilemap.cpp">
      <Filter>Source Files\Tilemap</Filter>
    </ClCompile>
    <ClCompile Include="src\Tilemap\Tileset.cpp">
      <Filter>Source Files\Tilemap</Filter>
    </ClCompile>
    <ClCompile Include="src\Tilemap\TilemapTypes.cpp">
      <Filter>Source Files\Tilemap</Filter>
    </ClCompile>
    <ClCompile Include="src\GameObjects\GObj.cpp">
      <Filter>Source Files\GameObjects</Filter>
    </ClCompile>
    <ClCompile Include="src\Tilemap\TileObj.cpp">
      <Filter>Source Files\Tilemap</Filter>
    </ClCompile>
    <ClCompile Include="src\GameObjects\DrawableObj.cpp">
      <Filter>Source Files\GameObjects</Filter>
    </ClCompile>
    <ClCompile Include="src\core\Physics\Physics.cpp">
      <Filter>Source Files\core\Physics</Filter>
    </ClCompile>
    <ClCompile Include="src\GameObjects\Player\PlayerObj.cpp">
      <Filter>Source Files\GameObjects\Player</Filter>
    </ClCompile>
  </ItemGroup>
  <ItemGroup>
    <ClInclude Include="external\ImGui\ImGui_SFML3\imgui-SFML.h">
      <Filter>Header Files\external\ImGui\ImGui_SFML3</Filter>
    </ClInclude>
    <ClInclude Include="external\ImGui\imconfig.h">
      <Filter>Header Files\external\ImGui</Filter>
    </ClInclude>
    <ClInclude Include="external\ImGui\imgui.h">
      <Filter>Header Files\external\ImGui</Filter>
    </ClInclude>
    <ClInclude Include="external\ImGui\imgui_internal.h">
      <Filter>Header Files\external\ImGui</Filter>
    </ClInclude>
    <ClInclude Include="external\ImGui\imstb_rectpack.h">
      <Filter>Header Files\external\ImGui</Filter>
    </ClInclude>
    <ClInclude Include="external\ImGui\imstb_textedit.h">
      <Filter>Header Files\external\ImGui</Filter>
    </ClInclude>
    <ClInclude Include="external\ImGui\imstb_truetype.h">
      <Filter>Header Files\external\ImGui</Filter>
    </ClInclude>
    <ClInclude Include="external\ImGui\ImGui_SFML3\imconfig-SFML.h">
      <Filter>Header Files\external\ImGui\ImGui_SFML3</Filter>
    </ClInclude>
    <ClInclude Include="external\ImGui\ImGui_SFML3\imgui-SFML_export.h">
      <Filter>Header Files\external\ImGui\ImGui_SFML3</Filter>
    </ClInclude>
    <ClInclude Include="src\core\Resources\Cfg.h">
      <Filter>Header Files\core\Resources</Filter>
    </ClInclude>
    <ClInclude Include="src\core\Resources\Maps.h">
      <Filter>Header Files\core\Resources</Filter>
    </ClInclude>
    <ClInclude Include="src\core\Resources\ResourceManager.h">
      <Filter>Header Files\core\Resources</Filter>
    </ClInclude>
    <ClInclude Include="src\GameObjects\DrawableObj.h">
      <Filter>Header Files\GameObjects</Filter>
    </ClInclude>
    <ClInclude Include="src\Tilemap\Tilemap.h">
      <Filter>Header Files\Tilemap</Filter>
    </ClInclude>
    <ClInclude Include="src\Tilemap\Tileset.h">
      <Filter>Header Files\Tilemap</Filter>
    </ClInclude>
    <ClInclude Include="src\GameObjects\GObj.h">
      <Filter>Header Files\GameObjects</Filter>
    </ClInclude>
    <ClInclude Include="src\Tilemap\TilemapTypes.h">
      <Filter>Header Files\Tilemap</Filter>
    </ClInclude>
    <ClInclude Include="src\Tilemap\TileObj.h">
      <Filter>Header Files\Tilemap</Filter>
    </ClInclude>
    <ClInclude Include="src\GameObjects\Player\PlayerObj.h">
      <Filter>Header Files</Filter>
    </ClInclude>
    <ClInclude Include="src\core\Physics\Physics.h">
      <Filter>Header Files\core\Physics</Filter>
    </ClInclude>
  </ItemGroup>
  <ItemGroup>
    <Font Include="Assets\Fonts\Crusty.ttf">
      <Filter>Assets\Fonts</Filter>
    </Font>
  </ItemGroup>
  <ItemGroup>
    <Image Include="Assets\Textures\Tilesets\EmptyTile.png">
      <Filter>Assets\Textures\Tilesets</Filter>
    </Image>
    <Image Include="Assets\Textures\Tilesets\TSet1_50x50.png">
      <Filter>Assets\Textures\Tilesets</Filter>
    </Image>
    <Image Include="Assets\Textures\Invariant.png">
      <Filter>Assets\Textures</Filter>
    </Image>
    <Image Include="Assets\Textures\GameObjects\Player\PlayerAtlas.png">
      <Filter>Assets\Textures\Player</Filter>
    </Image>
    <Image Include="Assets\Textures\Backgrounds\bgSpace.png">
      <Filter>Assets\Textures\Backgrounds</Filter>
    </Image>
    <Image Include="Assets\Textures\Backgrounds\bgSpace2.png">
      <Filter>Assets\Textures\Backgrounds</Filter>
    </Image>
    <Image Include="Assets\Textures\Backgrounds\GameStartBG.jpg">
      <Filter>Assets\Textures\Backgrounds</Filter>
    </Image>
    <Image Include="Assets\Textures\Backgrounds\GameStartBGBig.jpg">
      <Filter>Assets\Textures\Backgrounds</Filter>
    </Image>
    <Image Include="Assets\Textures\Tilesets\IntroSet.png">
      <Filter>Assets\Textures\Tilesets</Filter>
    </Image>
  </ItemGroup>
  <ItemGroup>
    <None Include="src\core\Resources\tpl\ResourceManager.tpl">
      <Filter>Header Files\core\Resources\tpl</Filter>
    </None>
    <None Include="Assets\Animations\Player.anim" />
  </ItemGroup>
</Project>